
Microsoft Visual Studio Solution File, Format Version 12.00
# Visual Studio 15
VisualStudioVersion = 15.0.27130.2020
MinimumVisualStudioVersion = 10.0.40219.1
Project("{FAE04EC0-301F-11D3-BF4B-00C04F79EFBC}") = "LmycWebSite", "LmycWebSite\LmycWebSite.csproj", "{AAF5E009-2667-445A-AB95-87E6187A6D1F}"
EndProject
Project("{FAE04EC0-301F-11D3-BF4B-00C04F79EFBC}") = "LmycDataLib", "LmycDataLib\LmycDataLib.csproj", "{4AB8AC38-750B-4D9B-A145-3558299C37E7}"
EndProject
Global
	GlobalSection(SolutionConfigurationPlatforms) = preSolution
		Debug|Any CPU = Debug|Any CPU
		Release|Any CPU = Release|Any CPU
	EndGlobalSection
	GlobalSection(ProjectConfigurationPlatforms) = postSolution
		{AAF5E009-2667-445A-AB95-87E6187A6D1F}.Debug|Any CPU.ActiveCfg = Debug|Any CPU
		{AAF5E009-2667-445A-AB95-87E6187A6D1F}.Debug|Any CPU.Build.0 = Debug|Any CPU
		{AAF5E009-2667-445A-AB95-87E6187A6D1F}.Release|Any CPU.ActiveCfg = Release|Any CPU
		{AAF5E009-2667-445A-AB95-87E6187A6D1F}.Release|Any CPU.Build.0 = Release|Any CPU
		{4AB8AC38-750B-4D9B-A145-3558299C37E7}.Debug|Any CPU.ActiveCfg = Debug|Any CPU
		{4AB8AC38-750B-4D9B-A145-3558299C37E7}.Debug|Any CPU.Build.0 = Debug|Any CPU
		{4AB8AC38-750B-4D9B-A145-3558299C37E7}.Release|Any CPU.ActiveCfg = Release|Any CPU
		{4AB8AC38-750B-4D9B-A145-3558299C37E7}.Release|Any CPU.Build.0 = Release|Any CPU
	EndGlobalSection
	GlobalSection(SolutionProperties) = preSolution
		HideSolutionNode = FALSE
	EndGlobalSection
	GlobalSection(ExtensibilityGlobals) = postSolution
		SolutionGuid = {A1F7F4D6-A761-4ED6-A116-C1C568C43F3A}
	EndGlobalSection
EndGlobal
